
Microsoft Visual Studio Solution File, Format Version 12.00
# Visual Studio Version 17
VisualStudioVersion = 17.4.33213.308
MinimumVisualStudioVersion = 10.0.40219.1
Project("{FAE04EC0-301F-11D3-BF4B-00C04F79EFBC}") = "film_library_backEnd", "film_library_backEnd\film_library_backEnd.csproj", "{4FA3DB6A-4953-4926-AAD4-FAC403530FCE}"
EndProject
Global
	GlobalSection(SolutionConfigurationPlatforms) = preSolution
		Debug|Any CPU = Debug|Any CPU
		Release|Any CPU = Release|Any CPU
	EndGlobalSection
	GlobalSection(ProjectConfigurationPlatforms) = postSolution
		{4FA3DB6A-4953-4926-AAD4-FAC403530FCE}.Debug|Any CPU.ActiveCfg = Debug|Any CPU
		{4FA3DB6A-4953-4926-AAD4-FAC403530FCE}.Debug|Any CPU.Build.0 = Debug|Any CPU
		{4FA3DB6A-4953-4926-AAD4-FAC403530FCE}.Release|Any CPU.ActiveCfg = Release|Any CPU
		{4FA3DB6A-4953-4926-AAD4-FAC403530FCE}.Release|Any CPU.Build.0 = Release|Any CPU
	EndGlobalSection
	GlobalSection(SolutionProperties) = preSolution
		HideSolutionNode = FALSE
	EndGlobalSection
	GlobalSection(ExtensibilityGlobals) = postSolution
		SolutionGuid = {DC148A0D-77EE-43EE-AAE6-3BD34E3AD2F3}
	EndGlobalSection
EndGlobal
